
Microsoft Visual Studio Solution File, Format Version 12.00
# Visual Studio Version 17
VisualStudioVersion = 17.4.33205.214
MinimumVisualStudioVersion = 10.0.40219.1
Project("{FAE04EC0-301F-11D3-BF4B-00C04F79EFBC}") = "PictureViewer", "PictureViewer\PictureViewer.csproj", "{894BF166-A5F9-4DC2-8411-121AFCDF2D98}"
EndProject
Global
	GlobalSection(SolutionConfigurationPlatforms) = preSolution
		Debug|Any CPU = Debug|Any CPU
		Release|Any CPU = Release|Any CPU
	EndGlobalSection
	GlobalSection(ProjectConfigurationPlatforms) = postSolution
		{894BF166-A5F9-4DC2-8411-121AFCDF2D98}.Debug|Any CPU.ActiveCfg = Debug|Any CPU
		{894BF166-A5F9-4DC2-8411-121AFCDF2D98}.Debug|Any CPU.Build.0 = Debug|Any CPU
		{894BF166-A5F9-4DC2-8411-121AFCDF2D98}.Release|Any CPU.ActiveCfg = Release|Any CPU
		{894BF166-A5F9-4DC2-8411-121AFCDF2D98}.Release|Any CPU.Build.0 = Release|Any CPU
	EndGlobalSection
	GlobalSection(SolutionProperties) = preSolution
		HideSolutionNode = FALSE
	EndGlobalSection
	GlobalSection(ExtensibilityGlobals) = postSolution
		SolutionGuid = {443E28D3-FB61-466A-931D-6F4FD351469F}
	EndGlobalSection
EndGlobal
